// !$*UTF8*$!
{
	archiveVersion = 1;
	classes = {
	};
	objectVersion = 56;
	objects = {

/* Begin PBXBuildFile section */
		D60E78702A86B23E00C3393F /* TargetType.swift in Sources */ = {isa = PBXBuildFile; fileRef = D60E786F2A86B23E00C3393F /* TargetType.swift */; };
		D60E78722A86B30100C3393F /* Effect.swift in Sources */ = {isa = PBXBuildFile; fileRef = D60E78712A86B30100C3393F /* Effect.swift */; };
		D60E78742A89E77900C3393F /* CharacterSelectionView.swift in Sources */ = {isa = PBXBuildFile; fileRef = D60E78732A89E77900C3393F /* CharacterSelectionView.swift */; };
		D60E78762A89E8BE00C3393F /* CharacterStore.swift in Sources */ = {isa = PBXBuildFile; fileRef = D60E78752A89E8BE00C3393F /* CharacterStore.swift */; };
		D60E78782A8C0CFE00C3393F /* CharacterGridView.swift in Sources */ = {isa = PBXBuildFile; fileRef = D60E78772A8C0CFE00C3393F /* CharacterGridView.swift */; };
		D60E787A2A8C251600C3393F /* EnemyStore.swift in Sources */ = {isa = PBXBuildFile; fileRef = D60E78792A8C251600C3393F /* EnemyStore.swift */; };
		D60E78B82A8EC23C00C3393F /* ZeldaEntity.swift in Sources */ = {isa = PBXBuildFile; fileRef = D60E78B72A8EC23C00C3393F /* ZeldaEntity.swift */; };
		D60E78BD2A93E64E00C3393F /* PlayerAuthState.swift in Sources */ = {isa = PBXBuildFile; fileRef = D60E78BC2A93E64E00C3393F /* PlayerAuthState.swift */; };
		D60E78BF2A93E78200C3393F /* PastEncounter.swift in Sources */ = {isa = PBXBuildFile; fileRef = D60E78BE2A93E78200C3393F /* PastEncounter.swift */; };
		D60E78C12A93EAD100C3393F /* EncounterResult.swift in Sources */ = {isa = PBXBuildFile; fileRef = D60E78C02A93EAD100C3393F /* EncounterResult.swift */; };
		D60E78C32A93EDDB00C3393F /* MatchManager.swift in Sources */ = {isa = PBXBuildFile; fileRef = D60E78C22A93EDDB00C3393F /* MatchManager.swift */; };
		D60E78C82A94003300C3393F /* ZeldaObject.swift in Sources */ = {isa = PBXBuildFile; fileRef = D60E78C72A94003300C3393F /* ZeldaObject.swift */; };
		D60E78CD2A94041300C3393F /* ObjectStore.swift in Sources */ = {isa = PBXBuildFile; fileRef = D60E78CC2A94041300C3393F /* ObjectStore.swift */; };
		D60E78D02A940A9A00C3393F /* Settings.swift in Sources */ = {isa = PBXBuildFile; fileRef = D60E78CF2A940A9A00C3393F /* Settings.swift */; };
		D60E78D22A94174C00C3393F /* ZeldaRelease.swift in Sources */ = {isa = PBXBuildFile; fileRef = D60E78D12A94174C00C3393F /* ZeldaRelease.swift */; };
		D60E78D62A94203700C3393F /* TheLegendOfZeldaRelease.swift in Sources */ = {isa = PBXBuildFile; fileRef = D60E78D52A94203700C3393F /* TheLegendOfZeldaRelease.swift */; };
		D60E78D82A94233000C3393F /* EncounterType.swift in Sources */ = {isa = PBXBuildFile; fileRef = D60E78D72A94233000C3393F /* EncounterType.swift */; };
		D60E78DB2A94245700C3393F /* ZeldaLocation.swift in Sources */ = {isa = PBXBuildFile; fileRef = D60E78DA2A94245700C3393F /* ZeldaLocation.swift */; };
		D60E78DF2A95202A00C3393F /* GameOverView.swift in Sources */ = {isa = PBXBuildFile; fileRef = D60E78DE2A95202A00C3393F /* GameOverView.swift */; };
		D60E78E12A9520E300C3393F /* Multiplayer1v1GameView.swift in Sources */ = {isa = PBXBuildFile; fileRef = D60E78E02A9520E300C3393F /* Multiplayer1v1GameView.swift */; };
		D60E78E32A95210100C3393F /* MenuView.swift in Sources */ = {isa = PBXBuildFile; fileRef = D60E78E22A95210100C3393F /* MenuView.swift */; };
		D60E78E82A958F9800C3393F /* RotateOnTap.swift in Sources */ = {isa = PBXBuildFile; fileRef = D60E78E72A958F9800C3393F /* RotateOnTap.swift */; };
		D60E78EB2A9599BB00C3393F /* AlbwBotwHylian-Regular.otf in Resources */ = {isa = PBXBuildFile; fileRef = D60E78EA2A9599BB00C3393F /* AlbwBotwHylian-Regular.otf */; };
		D60E78EE2A959B5F00C3393F /* AncientHylian.otf in Resources */ = {isa = PBXBuildFile; fileRef = D60E78ED2A959B5F00C3393F /* AncientHylian.otf */; };
		D60E78F02A9663A000C3393F /* Triforce.ttf in Resources */ = {isa = PBXBuildFile; fileRef = D60E78EF2A9663A000C3393F /* Triforce.ttf */; };
		D60E78F22A9664C000C3393F /* HyliaSerifBeta-Regular.otf in Resources */ = {isa = PBXBuildFile; fileRef = D60E78F12A9664C000C3393F /* HyliaSerifBeta-Regular.otf */; };
		D60E78F42A9666F500C3393F /* SherwoodRegular.ttf in Resources */ = {isa = PBXBuildFile; fileRef = D60E78F32A9666F500C3393F /* SherwoodRegular.ttf */; };
		D60E78F62A9D716F00C3393F /* CharacterShadowModifier.swift in Sources */ = {isa = PBXBuildFile; fileRef = D60E78F52A9D716F00C3393F /* CharacterShadowModifier.swift */; };
		D60E79032AA768E300C3393F /* TODOs in Resources */ = {isa = PBXBuildFile; fileRef = D60E79022AA768E300C3393F /* TODOs */; };
		D6B404A22A83CF72005B0E96 /* ZeldaJRPGApp.swift in Sources */ = {isa = PBXBuildFile; fileRef = D6B404A12A83CF72005B0E96 /* ZeldaJRPGApp.swift */; };
		D6B404A42A83CF72005B0E96 /* ContentView.swift in Sources */ = {isa = PBXBuildFile; fileRef = D6B404A32A83CF72005B0E96 /* ContentView.swift */; };
		D6B404A62A83CF78005B0E96 /* Assets.xcassets in Resources */ = {isa = PBXBuildFile; fileRef = D6B404A52A83CF78005B0E96 /* Assets.xcassets */; };
		D6B404A92A83CF78005B0E96 /* Preview Assets.xcassets in Resources */ = {isa = PBXBuildFile; fileRef = D6B404A82A83CF78005B0E96 /* Preview Assets.xcassets */; };
		D6B404B32A83CF79005B0E96 /* ZeldaJRPGTests.swift in Sources */ = {isa = PBXBuildFile; fileRef = D6B404B22A83CF79005B0E96 /* ZeldaJRPGTests.swift */; };
		D6B404BD2A83CF79005B0E96 /* ZeldaJRPGUITests.swift in Sources */ = {isa = PBXBuildFile; fileRef = D6B404BC2A83CF79005B0E96 /* ZeldaJRPGUITests.swift */; };
		D6B404BF2A83CF79005B0E96 /* ZeldaJRPGUITestsLaunchTests.swift in Sources */ = {isa = PBXBuildFile; fileRef = D6B404BE2A83CF79005B0E96 /* ZeldaJRPGUITestsLaunchTests.swift */; };
		D6B404CD2A83D166005B0E96 /* ZeldaCharacter.swift in Sources */ = {isa = PBXBuildFile; fileRef = D6B404CC2A83D166005B0E96 /* ZeldaCharacter.swift */; };
		D6B404CF2A83D285005B0E96 /* Race.swift in Sources */ = {isa = PBXBuildFile; fileRef = D6B404CE2A83D285005B0E96 /* Race.swift */; };
		D6B404D12A83D375005B0E96 /* Demonym.swift in Sources */ = {isa = PBXBuildFile; fileRef = D6B404D02A83D375005B0E96 /* Demonym.swift */; };
		D6B404D32A83D479005B0E96 /* Role.swift in Sources */ = {isa = PBXBuildFile; fileRef = D6B404D22A83D479005B0E96 /* Role.swift */; };
		D6B404D72A83D815005B0E96 /* Skill.swift in Sources */ = {isa = PBXBuildFile; fileRef = D6B404D62A83D815005B0E96 /* Skill.swift */; };
		D6B404D92A83DB3E005B0E96 /* ZeldaReleaseName.swift in Sources */ = {isa = PBXBuildFile; fileRef = D6B404D82A83DB3E005B0E96 /* ZeldaReleaseName.swift */; };
		D6B404DB2A83E1C2005B0E96 /* ZeldaEnemy.swift in Sources */ = {isa = PBXBuildFile; fileRef = D6B404DA2A83E1C2005B0E96 /* ZeldaEnemy.swift */; };
		D6B404DD2A83E281005B0E96 /* EffectType.swift in Sources */ = {isa = PBXBuildFile; fileRef = D6B404DC2A83E281005B0E96 /* EffectType.swift */; };
		D6B404DF2A83F505005B0E96 /* EnemyType.swift in Sources */ = {isa = PBXBuildFile; fileRef = D6B404DE2A83F505005B0E96 /* EnemyType.swift */; };
		D6B404E12A83F69F005B0E96 /* WeaponType.swift in Sources */ = {isa = PBXBuildFile; fileRef = D6B404E02A83F69F005B0E96 /* WeaponType.swift */; };
		D6B404E32A83F802005B0E96 /* EnemySpecies.swift in Sources */ = {isa = PBXBuildFile; fileRef = D6B404E22A83F802005B0E96 /* EnemySpecies.swift */; };
/* End PBXBuildFile section */

/* Begin PBXContainerItemProxy section */
		D6B404AF2A83CF79005B0E96 /* PBXContainerItemProxy */ = {
			isa = PBXContainerItemProxy;
			containerPortal = D6B404962A83CF72005B0E96 /* Project object */;
			proxyType = 1;
			remoteGlobalIDString = D6B4049D2A83CF72005B0E96;
			remoteInfo = ZeldaJRPG;
		};
		D6B404B92A83CF79005B0E96 /* PBXContainerItemProxy */ = {
			isa = PBXContainerItemProxy;
			containerPortal = D6B404962A83CF72005B0E96 /* Project object */;
			proxyType = 1;
			remoteGlobalIDString = D6B4049D2A83CF72005B0E96;
			remoteInfo = ZeldaJRPG;
		};
/* End PBXContainerItemProxy section */

/* Begin PBXFileReference section */
		D60E786F2A86B23E00C3393F /* TargetType.swift */ = {isa = PBXFileReference; lastKnownFileType = sourcecode.swift; path = TargetType.swift; sourceTree = "<group>"; };
		D60E78712A86B30100C3393F /* Effect.swift */ = {isa = PBXFileReference; lastKnownFileType = sourcecode.swift; path = Effect.swift; sourceTree = "<group>"; };
		D60E78732A89E77900C3393F /* CharacterSelectionView.swift */ = {isa = PBXFileReference; lastKnownFileType = sourcecode.swift; path = CharacterSelectionView.swift; sourceTree = "<group>"; };
		D60E78752A89E8BE00C3393F /* CharacterStore.swift */ = {isa = PBXFileReference; lastKnownFileType = sourcecode.swift; path = CharacterStore.swift; sourceTree = "<group>"; };
		D60E78772A8C0CFE00C3393F /* CharacterGridView.swift */ = {isa = PBXFileReference; lastKnownFileType = sourcecode.swift; path = CharacterGridView.swift; sourceTree = "<group>"; };
		D60E78792A8C251600C3393F /* EnemyStore.swift */ = {isa = PBXFileReference; lastKnownFileType = sourcecode.swift; path = EnemyStore.swift; sourceTree = "<group>"; };
		D60E78B72A8EC23C00C3393F /* ZeldaEntity.swift */ = {isa = PBXFileReference; lastKnownFileType = sourcecode.swift; path = ZeldaEntity.swift; sourceTree = "<group>"; };
		D60E78BC2A93E64E00C3393F /* PlayerAuthState.swift */ = {isa = PBXFileReference; lastKnownFileType = sourcecode.swift; path = PlayerAuthState.swift; sourceTree = "<group>"; };
		D60E78BE2A93E78200C3393F /* PastEncounter.swift */ = {isa = PBXFileReference; lastKnownFileType = sourcecode.swift; path = PastEncounter.swift; sourceTree = "<group>"; };
		D60E78C02A93EAD100C3393F /* EncounterResult.swift */ = {isa = PBXFileReference; lastKnownFileType = sourcecode.swift; path = EncounterResult.swift; sourceTree = "<group>"; };
		D60E78C22A93EDDB00C3393F /* MatchManager.swift */ = {isa = PBXFileReference; lastKnownFileType = sourcecode.swift; path = MatchManager.swift; sourceTree = "<group>"; };
		D60E78C72A94003300C3393F /* ZeldaObject.swift */ = {isa = PBXFileReference; lastKnownFileType = sourcecode.swift; path = ZeldaObject.swift; sourceTree = "<group>"; };
		D60E78CC2A94041300C3393F /* ObjectStore.swift */ = {isa = PBXFileReference; lastKnownFileType = sourcecode.swift; path = ObjectStore.swift; sourceTree = "<group>"; };
		D60E78CF2A940A9A00C3393F /* Settings.swift */ = {isa = PBXFileReference; lastKnownFileType = sourcecode.swift; path = Settings.swift; sourceTree = "<group>"; };
		D60E78D12A94174C00C3393F /* ZeldaRelease.swift */ = {isa = PBXFileReference; lastKnownFileType = sourcecode.swift; path = ZeldaRelease.swift; sourceTree = "<group>"; };
		D60E78D52A94203700C3393F /* TheLegendOfZeldaRelease.swift */ = {isa = PBXFileReference; lastKnownFileType = sourcecode.swift; path = TheLegendOfZeldaRelease.swift; sourceTree = "<group>"; };
		D60E78D72A94233000C3393F /* EncounterType.swift */ = {isa = PBXFileReference; lastKnownFileType = sourcecode.swift; path = EncounterType.swift; sourceTree = "<group>"; };
		D60E78DA2A94245700C3393F /* ZeldaLocation.swift */ = {isa = PBXFileReference; lastKnownFileType = sourcecode.swift; path = ZeldaLocation.swift; sourceTree = "<group>"; };
		D60E78DE2A95202A00C3393F /* GameOverView.swift */ = {isa = PBXFileReference; lastKnownFileType = sourcecode.swift; path = GameOverView.swift; sourceTree = "<group>"; };
		D60E78E02A9520E300C3393F /* Multiplayer1v1GameView.swift */ = {isa = PBXFileReference; lastKnownFileType = sourcecode.swift; path = Multiplayer1v1GameView.swift; sourceTree = "<group>"; };
		D60E78E22A95210100C3393F /* MenuView.swift */ = {isa = PBXFileReference; lastKnownFileType = sourcecode.swift; path = MenuView.swift; sourceTree = "<group>"; };
		D60E78E72A958F9800C3393F /* RotateOnTap.swift */ = {isa = PBXFileReference; lastKnownFileType = sourcecode.swift; path = RotateOnTap.swift; sourceTree = "<group>"; };
		D60E78EA2A9599BB00C3393F /* AlbwBotwHylian-Regular.otf */ = {isa = PBXFileReference; lastKnownFileType = file; name = "AlbwBotwHylian-Regular.otf"; path = "ZeldaJRPG/Assets.xcassets/Fonts/AlbwBotwHylian-Regular.dataset/AlbwBotwHylian-Regular.otf"; sourceTree = SOURCE_ROOT; };
		D60E78EC2A959A1700C3393F /* Info.plist */ = {isa = PBXFileReference; lastKnownFileType = text.plist; path = Info.plist; sourceTree = "<group>"; };
		D60E78ED2A959B5F00C3393F /* AncientHylian.otf */ = {isa = PBXFileReference; lastKnownFileType = file; name = AncientHylian.otf; path = ZeldaJRPG/Assets.xcassets/Fonts/AncientHylian.dataset/AncientHylian.otf; sourceTree = SOURCE_ROOT; };
		D60E78EF2A9663A000C3393F /* Triforce.ttf */ = {isa = PBXFileReference; lastKnownFileType = file; name = Triforce.ttf; path = ZeldaJRPG/Assets.xcassets/Fonts/Triforce.dataset/Triforce.ttf; sourceTree = SOURCE_ROOT; };
		D60E78F12A9664C000C3393F /* HyliaSerifBeta-Regular.otf */ = {isa = PBXFileReference; lastKnownFileType = file; name = "HyliaSerifBeta-Regular.otf"; path = "ZeldaJRPG/Assets.xcassets/Fonts/HyliaSerifBeta-Regular.dataset/HyliaSerifBeta-Regular.otf"; sourceTree = SOURCE_ROOT; };
		D60E78F32A9666F500C3393F /* SherwoodRegular.ttf */ = {isa = PBXFileReference; lastKnownFileType = file; name = SherwoodRegular.ttf; path = ZeldaJRPG/Assets.xcassets/Fonts/SherwoodRegular.dataset/SherwoodRegular.ttf; sourceTree = SOURCE_ROOT; };
		D60E78F52A9D716F00C3393F /* CharacterShadowModifier.swift */ = {isa = PBXFileReference; lastKnownFileType = sourcecode.swift; path = CharacterShadowModifier.swift; sourceTree = "<group>"; };
		D60E79022AA768E300C3393F /* TODOs */ = {isa = PBXFileReference; lastKnownFileType = text; path = TODOs; sourceTree = "<group>"; };
		D6B4049E2A83CF72005B0E96 /* ZeldaJRPG.app */ = {isa = PBXFileReference; explicitFileType = wrapper.application; includeInIndex = 0; path = ZeldaJRPG.app; sourceTree = BUILT_PRODUCTS_DIR; };
		D6B404A12A83CF72005B0E96 /* ZeldaJRPGApp.swift */ = {isa = PBXFileReference; lastKnownFileType = sourcecode.swift; path = ZeldaJRPGApp.swift; sourceTree = "<group>"; };
		D6B404A32A83CF72005B0E96 /* ContentView.swift */ = {isa = PBXFileReference; lastKnownFileType = sourcecode.swift; path = ContentView.swift; sourceTree = "<group>"; };
		D6B404A52A83CF78005B0E96 /* Assets.xcassets */ = {isa = PBXFileReference; lastKnownFileType = folder.assetcatalog; path = Assets.xcassets; sourceTree = "<group>"; };
		D6B404A82A83CF78005B0E96 /* Preview Assets.xcassets */ = {isa = PBXFileReference; lastKnownFileType = folder.assetcatalog; path = "Preview Assets.xcassets"; sourceTree = "<group>"; };
		D6B404AE2A83CF79005B0E96 /* ZeldaJRPGTests.xctest */ = {isa = PBXFileReference; explicitFileType = wrapper.cfbundle; includeInIndex = 0; path = ZeldaJRPGTests.xctest; sourceTree = BUILT_PRODUCTS_DIR; };
		D6B404B22A83CF79005B0E96 /* ZeldaJRPGTests.swift */ = {isa = PBXFileReference; lastKnownFileType = sourcecode.swift; path = ZeldaJRPGTests.swift; sourceTree = "<group>"; };
		D6B404B82A83CF79005B0E96 /* ZeldaJRPGUITests.xctest */ = {isa = PBXFileReference; explicitFileType = wrapper.cfbundle; includeInIndex = 0; path = ZeldaJRPGUITests.xctest; sourceTree = BUILT_PRODUCTS_DIR; };
		D6B404BC2A83CF79005B0E96 /* ZeldaJRPGUITests.swift */ = {isa = PBXFileReference; lastKnownFileType = sourcecode.swift; path = ZeldaJRPGUITests.swift; sourceTree = "<group>"; };
		D6B404BE2A83CF79005B0E96 /* ZeldaJRPGUITestsLaunchTests.swift */ = {isa = PBXFileReference; lastKnownFileType = sourcecode.swift; path = ZeldaJRPGUITestsLaunchTests.swift; sourceTree = "<group>"; };
		D6B404CC2A83D166005B0E96 /* ZeldaCharacter.swift */ = {isa = PBXFileReference; lastKnownFileType = sourcecode.swift; path = ZeldaCharacter.swift; sourceTree = "<group>"; };
		D6B404CE2A83D285005B0E96 /* Race.swift */ = {isa = PBXFileReference; lastKnownFileType = sourcecode.swift; path = Race.swift; sourceTree = "<group>"; };
		D6B404D02A83D375005B0E96 /* Demonym.swift */ = {isa = PBXFileReference; lastKnownFileType = sourcecode.swift; path = Demonym.swift; sourceTree = "<group>"; };
		D6B404D22A83D479005B0E96 /* Role.swift */ = {isa = PBXFileReference; lastKnownFileType = sourcecode.swift; path = Role.swift; sourceTree = "<group>"; };
		D6B404D62A83D815005B0E96 /* Skill.swift */ = {isa = PBXFileReference; lastKnownFileType = sourcecode.swift; path = Skill.swift; sourceTree = "<group>"; };
		D6B404D82A83DB3E005B0E96 /* ZeldaReleaseName.swift */ = {isa = PBXFileReference; lastKnownFileType = sourcecode.swift; path = ZeldaReleaseName.swift; sourceTree = "<group>"; };
		D6B404DA2A83E1C2005B0E96 /* ZeldaEnemy.swift */ = {isa = PBXFileReference; lastKnownFileType = sourcecode.swift; path = ZeldaEnemy.swift; sourceTree = "<group>"; };
		D6B404DC2A83E281005B0E96 /* EffectType.swift */ = {isa = PBXFileReference; lastKnownFileType = sourcecode.swift; path = EffectType.swift; sourceTree = "<group>"; };
		D6B404DE2A83F505005B0E96 /* EnemyType.swift */ = {isa = PBXFileReference; lastKnownFileType = sourcecode.swift; path = EnemyType.swift; sourceTree = "<group>"; };
		D6B404E02A83F69F005B0E96 /* WeaponType.swift */ = {isa = PBXFileReference; lastKnownFileType = sourcecode.swift; path = WeaponType.swift; sourceTree = "<group>"; };
		D6B404E22A83F802005B0E96 /* EnemySpecies.swift */ = {isa = PBXFileReference; lastKnownFileType = sourcecode.swift; path = EnemySpecies.swift; sourceTree = "<group>"; };
/* End PBXFileReference section */

/* Begin PBXFrameworksBuildPhase section */
		D6B4049B2A83CF72005B0E96 /* Frameworks */ = {
			isa = PBXFrameworksBuildPhase;
			buildActionMask = 2147483647;
			files = (
			);
			runOnlyForDeploymentPostprocessing = 0;
		};
		D6B404AB2A83CF79005B0E96 /* Frameworks */ = {
			isa = PBXFrameworksBuildPhase;
			buildActionMask = 2147483647;
			files = (
			);
			runOnlyForDeploymentPostprocessing = 0;
		};
		D6B404B52A83CF79005B0E96 /* Frameworks */ = {
			isa = PBXFrameworksBuildPhase;
			buildActionMask = 2147483647;
			files = (
			);
			runOnlyForDeploymentPostprocessing = 0;
		};
/* End PBXFrameworksBuildPhase section */

/* Begin PBXGroup section */
		D60E78B92A93E4B000C3393F /* Misc */ = {
			isa = PBXGroup;
			children = (
				D6B404DC2A83E281005B0E96 /* EffectType.swift */,
				D60E78712A86B30100C3393F /* Effect.swift */,
				D6B404E02A83F69F005B0E96 /* WeaponType.swift */,
				D60E786F2A86B23E00C3393F /* TargetType.swift */,
			);
			path = Misc;
			sourceTree = "<group>";
		};
		D60E78BA2A93E4D500C3393F /* Views */ = {
			isa = PBXGroup;
			children = (
				D6B404A32A83CF72005B0E96 /* ContentView.swift */,
				D60E78E22A95210100C3393F /* MenuView.swift */,
				D60E78E02A9520E300C3393F /* Multiplayer1v1GameView.swift */,
				D60E78DE2A95202A00C3393F /* GameOverView.swift */,
				D60E78732A89E77900C3393F /* CharacterSelectionView.swift */,
				D60E78772A8C0CFE00C3393F /* CharacterGridView.swift */,
				D60E78E92A95995500C3393F /* Fonts */,
			);
			path = Views;
			sourceTree = "<group>";
		};
		D60E78BB2A93E61500C3393F /* GameCenter */ = {
			isa = PBXGroup;
			children = (
				D60E78BC2A93E64E00C3393F /* PlayerAuthState.swift */,
				D60E78C22A93EDDB00C3393F /* MatchManager.swift */,
				D60E78BE2A93E78200C3393F /* PastEncounter.swift */,
				D60E78C02A93EAD100C3393F /* EncounterResult.swift */,
				D60E78D72A94233000C3393F /* EncounterType.swift */,
			);
			path = GameCenter;
			sourceTree = "<group>";
		};
		D60E78C62A94001200C3393F /* ZeldaObjectModel */ = {
			isa = PBXGroup;
			children = (
				D60E78C72A94003300C3393F /* ZeldaObject.swift */,
			);
			path = ZeldaObjectModel;
			sourceTree = "<group>";
		};
		D60E78C92A9403DE00C3393F /* ObservableObjects */ = {
			isa = PBXGroup;
			children = (
				D60E78752A89E8BE00C3393F /* CharacterStore.swift */,
				D60E78792A8C251600C3393F /* EnemyStore.swift */,
				D60E78CC2A94041300C3393F /* ObjectStore.swift */,
				D60E78CF2A940A9A00C3393F /* Settings.swift */,
			);
			path = ObservableObjects;
			sourceTree = "<group>";
		};
		D60E78D32A94175100C3393F /* ZeldaReleaseModel */ = {
			isa = PBXGroup;
			children = (
				D60E78D12A94174C00C3393F /* ZeldaRelease.swift */,
				D6B404D82A83DB3E005B0E96 /* ZeldaReleaseName.swift */,
				D60E78D52A94203700C3393F /* TheLegendOfZeldaRelease.swift */,
				D60E78D92A94240D00C3393F /* ZeldaLocationModel */,
			);
			path = ZeldaReleaseModel;
			sourceTree = "<group>";
		};
		D60E78D92A94240D00C3393F /* ZeldaLocationModel */ = {
			isa = PBXGroup;
			children = (
				D60E78DA2A94245700C3393F /* ZeldaLocation.swift */,
			);
			path = ZeldaLocationModel;
			sourceTree = "<group>";
		};
		D60E78E62A958F6A00C3393F /* ViewModifiers */ = {
			isa = PBXGroup;
			children = (
				D60E78E72A958F9800C3393F /* RotateOnTap.swift */,
				D60E78F52A9D716F00C3393F /* CharacterShadowModifier.swift */,
			);
			path = ViewModifiers;
			sourceTree = "<group>";
		};
		D60E78E92A95995500C3393F /* Fonts */ = {
			isa = PBXGroup;
			children = (
				D60E78EA2A9599BB00C3393F /* AlbwBotwHylian-Regular.otf */,
				D60E78ED2A959B5F00C3393F /* AncientHylian.otf */,
				D60E78F12A9664C000C3393F /* HyliaSerifBeta-Regular.otf */,
				D60E78F32A9666F500C3393F /* SherwoodRegular.ttf */,
				D60E78EF2A9663A000C3393F /* Triforce.ttf */,
			);
			path = Fonts;
			sourceTree = "<group>";
		};
		D6B404952A83CF72005B0E96 = {
			isa = PBXGroup;
			children = (
				D6B404A02A83CF72005B0E96 /* ZeldaJRPG */,
				D6B404B12A83CF79005B0E96 /* ZeldaJRPGTests */,
				D6B404BB2A83CF79005B0E96 /* ZeldaJRPGUITests */,
				D6B4049F2A83CF72005B0E96 /* Products */,
			);
			sourceTree = "<group>";
		};
		D6B4049F2A83CF72005B0E96 /* Products */ = {
			isa = PBXGroup;
			children = (
				D6B4049E2A83CF72005B0E96 /* ZeldaJRPG.app */,
				D6B404AE2A83CF79005B0E96 /* ZeldaJRPGTests.xctest */,
				D6B404B82A83CF79005B0E96 /* ZeldaJRPGUITests.xctest */,
			);
			name = Products;
			sourceTree = "<group>";
		};
		D6B404A02A83CF72005B0E96 /* ZeldaJRPG */ = {
			isa = PBXGroup;
			children = (
				D60E78EC2A959A1700C3393F /* Info.plist */,
				D6B404A12A83CF72005B0E96 /* ZeldaJRPGApp.swift */,
				D60E79022AA768E300C3393F /* TODOs */,
				D60E78BA2A93E4D500C3393F /* Views */,
				D60E78E62A958F6A00C3393F /* ViewModifiers */,
				D60E78BB2A93E61500C3393F /* GameCenter */,
				D60E78C92A9403DE00C3393F /* ObservableObjects */,
				D60E78D32A94175100C3393F /* ZeldaReleaseModel */,
				D6B404CB2A83D0DC005B0E96 /* ZeldaEntityModel */,
				D60E78C62A94001200C3393F /* ZeldaObjectModel */,
				D60E78B92A93E4B000C3393F /* Misc */,
				D6B404A52A83CF78005B0E96 /* Assets.xcassets */,
				D6B404A72A83CF78005B0E96 /* Preview Content */,
			);
			path = ZeldaJRPG;
			sourceTree = "<group>";
		};
		D6B404A72A83CF78005B0E96 /* Preview Content */ = {
			isa = PBXGroup;
			children = (
				D6B404A82A83CF78005B0E96 /* Preview Assets.xcassets */,
			);
			path = "Preview Content";
			sourceTree = "<group>";
		};
		D6B404B12A83CF79005B0E96 /* ZeldaJRPGTests */ = {
			isa = PBXGroup;
			children = (
				D6B404B22A83CF79005B0E96 /* ZeldaJRPGTests.swift */,
			);
			path = ZeldaJRPGTests;
			sourceTree = "<group>";
		};
		D6B404BB2A83CF79005B0E96 /* ZeldaJRPGUITests */ = {
			isa = PBXGroup;
			children = (
				D6B404BC2A83CF79005B0E96 /* ZeldaJRPGUITests.swift */,
				D6B404BE2A83CF79005B0E96 /* ZeldaJRPGUITestsLaunchTests.swift */,
			);
			path = ZeldaJRPGUITests;
			sourceTree = "<group>";
		};
		D6B404CB2A83D0DC005B0E96 /* ZeldaEntityModel */ = {
			isa = PBXGroup;
			children = (
				D60E78B72A8EC23C00C3393F /* ZeldaEntity.swift */,
				D6B404CC2A83D166005B0E96 /* ZeldaCharacter.swift */,
				D6B404CE2A83D285005B0E96 /* Race.swift */,
				D6B404D02A83D375005B0E96 /* Demonym.swift */,
				D6B404D22A83D479005B0E96 /* Role.swift */,
				D6B404DA2A83E1C2005B0E96 /* ZeldaEnemy.swift */,
				D6B404DE2A83F505005B0E96 /* EnemyType.swift */,
				D6B404E22A83F802005B0E96 /* EnemySpecies.swift */,
				D6B404D62A83D815005B0E96 /* Skill.swift */,
			);
			path = ZeldaEntityModel;
			sourceTree = "<group>";
		};
/* End PBXGroup section */

/* Begin PBXNativeTarget section */
		D6B4049D2A83CF72005B0E96 /* ZeldaJRPG */ = {
			isa = PBXNativeTarget;
			buildConfigurationList = D6B404C22A83CF79005B0E96 /* Build configuration list for PBXNativeTarget "ZeldaJRPG" */;
			buildPhases = (
				D6B4049A2A83CF72005B0E96 /* Sources */,
				D6B4049B2A83CF72005B0E96 /* Frameworks */,
				D6B4049C2A83CF72005B0E96 /* Resources */,
			);
			buildRules = (
			);
			dependencies = (
			);
			name = ZeldaJRPG;
			productName = ZeldaJRPG;
			productReference = D6B4049E2A83CF72005B0E96 /* ZeldaJRPG.app */;
			productType = "com.apple.product-type.application";
		};
		D6B404AD2A83CF79005B0E96 /* ZeldaJRPGTests */ = {
			isa = PBXNativeTarget;
			buildConfigurationList = D6B404C52A83CF79005B0E96 /* Build configuration list for PBXNativeTarget "ZeldaJRPGTests" */;
			buildPhases = (
				D6B404AA2A83CF79005B0E96 /* Sources */,
				D6B404AB2A83CF79005B0E96 /* Frameworks */,
				D6B404AC2A83CF79005B0E96 /* Resources */,
			);
			buildRules = (
			);
			dependencies = (
				D6B404B02A83CF79005B0E96 /* PBXTargetDependency */,
			);
			name = ZeldaJRPGTests;
			productName = ZeldaJRPGTests;
			productReference = D6B404AE2A83CF79005B0E96 /* ZeldaJRPGTests.xctest */;
			productType = "com.apple.product-type.bundle.unit-test";
		};
		D6B404B72A83CF79005B0E96 /* ZeldaJRPGUITests */ = {
			isa = PBXNativeTarget;
			buildConfigurationList = D6B404C82A83CF79005B0E96 /* Build configuration list for PBXNativeTarget "ZeldaJRPGUITests" */;
			buildPhases = (
				D6B404B42A83CF79005B0E96 /* Sources */,
				D6B404B52A83CF79005B0E96 /* Frameworks */,
				D6B404B62A83CF79005B0E96 /* Resources */,
			);
			buildRules = (
			);
			dependencies = (
				D6B404BA2A83CF79005B0E96 /* PBXTargetDependency */,
			);
			name = ZeldaJRPGUITests;
			productName = ZeldaJRPGUITests;
			productReference = D6B404B82A83CF79005B0E96 /* ZeldaJRPGUITests.xctest */;
			productType = "com.apple.product-type.bundle.ui-testing";
		};
/* End PBXNativeTarget section */

/* Begin PBXProject section */
		D6B404962A83CF72005B0E96 /* Project object */ = {
			isa = PBXProject;
			attributes = {
				BuildIndependentTargetsInParallel = 1;
				LastSwiftUpdateCheck = 1430;
				LastUpgradeCheck = 1430;
				TargetAttributes = {
					D6B4049D2A83CF72005B0E96 = {
						CreatedOnToolsVersion = 14.3.1;
					};
					D6B404AD2A83CF79005B0E96 = {
						CreatedOnToolsVersion = 14.3.1;
						TestTargetID = D6B4049D2A83CF72005B0E96;
					};
					D6B404B72A83CF79005B0E96 = {
						CreatedOnToolsVersion = 14.3.1;
						TestTargetID = D6B4049D2A83CF72005B0E96;
					};
				};
			};
			buildConfigurationList = D6B404992A83CF72005B0E96 /* Build configuration list for PBXProject "ZeldaJRPG" */;
			compatibilityVersion = "Xcode 14.0";
			developmentRegion = en;
			hasScannedForEncodings = 0;
			knownRegions = (
				en,
				Base,
			);
			mainGroup = D6B404952A83CF72005B0E96;
			productRefGroup = D6B4049F2A83CF72005B0E96 /* Products */;
			projectDirPath = "";
			projectRoot = "";
			targets = (
				D6B4049D2A83CF72005B0E96 /* ZeldaJRPG */,
				D6B404AD2A83CF79005B0E96 /* ZeldaJRPGTests */,
				D6B404B72A83CF79005B0E96 /* ZeldaJRPGUITests */,
			);
		};
/* End PBXProject section */

/* Begin PBXResourcesBuildPhase section */
		D6B4049C2A83CF72005B0E96 /* Resources */ = {
			isa = PBXResourcesBuildPhase;
			buildActionMask = 2147483647;
			files = (
				D6B404A92A83CF78005B0E96 /* Preview Assets.xcassets in Resources */,
				D60E78EB2A9599BB00C3393F /* AlbwBotwHylian-Regular.otf in Resources */,
				D60E78F22A9664C000C3393F /* HyliaSerifBeta-Regular.otf in Resources */,
				D6B404A62A83CF78005B0E96 /* Assets.xcassets in Resources */,
				D60E78EE2A959B5F00C3393F /* AncientHylian.otf in Resources */,
				D60E78F42A9666F500C3393F /* SherwoodRegular.ttf in Resources */,
				D60E79032AA768E300C3393F /* TODOs in Resources */,
				D60E78F02A9663A000C3393F /* Triforce.ttf in Resources */,
			);
			runOnlyForDeploymentPostprocessing = 0;
		};
		D6B404AC2A83CF79005B0E96 /* Resources */ = {
			isa = PBXResourcesBuildPhase;
			buildActionMask = 2147483647;
			files = (
			);
			runOnlyForDeploymentPostprocessing = 0;
		};
		D6B404B62A83CF79005B0E96 /* Resources */ = {
			isa = PBXResourcesBuildPhase;
			buildActionMask = 2147483647;
			files = (
			);
			runOnlyForDeploymentPostprocessing = 0;
		};
/* End PBXResourcesBuildPhase section */

/* Begin PBXSourcesBuildPhase section */
		D6B4049A2A83CF72005B0E96 /* Sources */ = {
			isa = PBXSourcesBuildPhase;
			buildActionMask = 2147483647;
			files = (
				D60E78702A86B23E00C3393F /* TargetType.swift in Sources */,
				D6B404DD2A83E281005B0E96 /* EffectType.swift in Sources */,
				D6B404CF2A83D285005B0E96 /* Race.swift in Sources */,
				D6B404DF2A83F505005B0E96 /* EnemyType.swift in Sources */,
				D60E78CD2A94041300C3393F /* ObjectStore.swift in Sources */,
				D60E78D82A94233000C3393F /* EncounterType.swift in Sources */,
				D60E78742A89E77900C3393F /* CharacterSelectionView.swift in Sources */,
				D60E78E32A95210100C3393F /* MenuView.swift in Sources */,
				D60E78B82A8EC23C00C3393F /* ZeldaEntity.swift in Sources */,
				D60E78722A86B30100C3393F /* Effect.swift in Sources */,
				D60E78DB2A94245700C3393F /* ZeldaLocation.swift in Sources */,
				D6B404D12A83D375005B0E96 /* Demonym.swift in Sources */,
				D6B404CD2A83D166005B0E96 /* ZeldaCharacter.swift in Sources */,
				D6B404DB2A83E1C2005B0E96 /* ZeldaEnemy.swift in Sources */,
				D6B404D92A83DB3E005B0E96 /* ZeldaReleaseName.swift in Sources */,
				D60E78762A89E8BE00C3393F /* CharacterStore.swift in Sources */,
				D6B404A42A83CF72005B0E96 /* ContentView.swift in Sources */,
				D60E78E12A9520E300C3393F /* Multiplayer1v1GameView.swift in Sources */,
				D60E78C32A93EDDB00C3393F /* MatchManager.swift in Sources */,
				D60E78C82A94003300C3393F /* ZeldaObject.swift in Sources */,
				D60E78782A8C0CFE00C3393F /* CharacterGridView.swift in Sources */,
				D60E78D02A940A9A00C3393F /* Settings.swift in Sources */,
				D6B404A22A83CF72005B0E96 /* ZeldaJRPGApp.swift in Sources */,
				D60E78E82A958F9800C3393F /* RotateOnTap.swift in Sources */,
				D60E78BF2A93E78200C3393F /* PastEncounter.swift in Sources */,
				D60E78C12A93EAD100C3393F /* EncounterResult.swift in Sources */,
				D6B404D72A83D815005B0E96 /* Skill.swift in Sources */,
				D6B404D32A83D479005B0E96 /* Role.swift in Sources */,
				D60E78D62A94203700C3393F /* TheLegendOfZeldaRelease.swift in Sources */,
				D6B404E12A83F69F005B0E96 /* WeaponType.swift in Sources */,
				D60E787A2A8C251600C3393F /* EnemyStore.swift in Sources */,
				D6B404E32A83F802005B0E96 /* EnemySpecies.swift in Sources */,
				D60E78BD2A93E64E00C3393F /* PlayerAuthState.swift in Sources */,
				D60E78DF2A95202A00C3393F /* GameOverView.swift in Sources */,
				D60E78F62A9D716F00C3393F /* CharacterShadowModifier.swift in Sources */,
				D60E78D22A94174C00C3393F /* ZeldaRelease.swift in Sources */,
			);
			runOnlyForDeploymentPostprocessing = 0;
		};
		D6B404AA2A83CF79005B0E96 /* Sources */ = {
			isa = PBXSourcesBuildPhase;
			buildActionMask = 2147483647;
			files = (
				D6B404B32A83CF79005B0E96 /* ZeldaJRPGTests.swift in Sources */,
			);
			runOnlyForDeploymentPostprocessing = 0;
		};
		D6B404B42A83CF79005B0E96 /* Sources */ = {
			isa = PBXSourcesBuildPhase;
			buildActionMask = 2147483647;
			files = (
				D6B404BF2A83CF79005B0E96 /* ZeldaJRPGUITestsLaunchTests.swift in Sources */,
				D6B404BD2A83CF79005B0E96 /* ZeldaJRPGUITests.swift in Sources */,
			);
			runOnlyForDeploymentPostprocessing = 0;
		};
/* End PBXSourcesBuildPhase section */

/* Begin PBXTargetDependency section */
		D6B404B02A83CF79005B0E96 /* PBXTargetDependency */ = {
			isa = PBXTargetDependency;
			target = D6B4049D2A83CF72005B0E96 /* ZeldaJRPG */;
			targetProxy = D6B404AF2A83CF79005B0E96 /* PBXContainerItemProxy */;
		};
		D6B404BA2A83CF79005B0E96 /* PBXTargetDependency */ = {
			isa = PBXTargetDependency;
			target = D6B4049D2A83CF72005B0E96 /* ZeldaJRPG */;
			targetProxy = D6B404B92A83CF79005B0E96 /* PBXContainerItemProxy */;
		};
/* End PBXTargetDependency section */

/* Begin XCBuildConfiguration section */
		D6B404C02A83CF79005B0E96 /* Debug */ = {
			isa = XCBuildConfiguration;
			buildSettings = {
				ALWAYS_SEARCH_USER_PATHS = NO;
				CLANG_ANALYZER_NONNULL = YES;
				CLANG_ANALYZER_NUMBER_OBJECT_CONVERSION = YES_AGGRESSIVE;
				CLANG_CXX_LANGUAGE_STANDARD = "gnu++20";
				CLANG_ENABLE_MODULES = YES;
				CLANG_ENABLE_OBJC_ARC = YES;
				CLANG_ENABLE_OBJC_WEAK = YES;
				CLANG_WARN_BLOCK_CAPTURE_AUTORELEASING = YES;
				CLANG_WARN_BOOL_CONVERSION = YES;
				CLANG_WARN_COMMA = YES;
				CLANG_WARN_CONSTANT_CONVERSION = YES;
				CLANG_WARN_DEPRECATED_OBJC_IMPLEMENTATIONS = YES;
				CLANG_WARN_DIRECT_OBJC_ISA_USAGE = YES_ERROR;
				CLANG_WARN_DOCUMENTATION_COMMENTS = YES;
				CLANG_WARN_EMPTY_BODY = YES;
				CLANG_WARN_ENUM_CONVERSION = YES;
				CLANG_WARN_INFINITE_RECURSION = YES;
				CLANG_WARN_INT_CONVERSION = YES;
				CLANG_WARN_NON_LITERAL_NULL_CONVERSION = YES;
				CLANG_WARN_OBJC_IMPLICIT_RETAIN_SELF = YES;
				CLANG_WARN_OBJC_LITERAL_CONVERSION = YES;
				CLANG_WARN_OBJC_ROOT_CLASS = YES_ERROR;
				CLANG_WARN_QUOTED_INCLUDE_IN_FRAMEWORK_HEADER = YES;
				CLANG_WARN_RANGE_LOOP_ANALYSIS = YES;
				CLANG_WARN_STRICT_PROTOTYPES = YES;
				CLANG_WARN_SUSPICIOUS_MOVE = YES;
				CLANG_WARN_UNGUARDED_AVAILABILITY = YES_AGGRESSIVE;
				CLANG_WARN_UNREACHABLE_CODE = YES;
				CLANG_WARN__DUPLICATE_METHOD_MATCH = YES;
				COPY_PHASE_STRIP = NO;
				DEBUG_INFORMATION_FORMAT = dwarf;
				ENABLE_STRICT_OBJC_MSGSEND = YES;
				ENABLE_TESTABILITY = YES;
				GCC_C_LANGUAGE_STANDARD = gnu11;
				GCC_DYNAMIC_NO_PIC = NO;
				GCC_NO_COMMON_BLOCKS = YES;
				GCC_OPTIMIZATION_LEVEL = 0;
				GCC_PREPROCESSOR_DEFINITIONS = (
					"DEBUG=1",
					"$(inherited)",
				);
				GCC_WARN_64_TO_32_BIT_CONVERSION = YES;
				GCC_WARN_ABOUT_RETURN_TYPE = YES_ERROR;
				GCC_WARN_UNDECLARED_SELECTOR = YES;
				GCC_WARN_UNINITIALIZED_AUTOS = YES_AGGRESSIVE;
				GCC_WARN_UNUSED_FUNCTION = YES;
				GCC_WARN_UNUSED_VARIABLE = YES;
				IPHONEOS_DEPLOYMENT_TARGET = 16.4;
				MTL_ENABLE_DEBUG_INFO = INCLUDE_SOURCE;
				MTL_FAST_MATH = YES;
				ONLY_ACTIVE_ARCH = YES;
				SDKROOT = iphoneos;
				SWIFT_ACTIVE_COMPILATION_CONDITIONS = DEBUG;
				SWIFT_OPTIMIZATION_LEVEL = "-Onone";
			};
			name = Debug;
		};
		D6B404C12A83CF79005B0E96 /* Release */ = {
			isa = XCBuildConfiguration;
			buildSettings = {
				ALWAYS_SEARCH_USER_PATHS = NO;
				CLANG_ANALYZER_NONNULL = YES;
				CLANG_ANALYZER_NUMBER_OBJECT_CONVERSION = YES_AGGRESSIVE;
				CLANG_CXX_LANGUAGE_STANDARD = "gnu++20";
				CLANG_ENABLE_MODULES = YES;
				CLANG_ENABLE_OBJC_ARC = YES;
				CLANG_ENABLE_OBJC_WEAK = YES;
				CLANG_WARN_BLOCK_CAPTURE_AUTORELEASING = YES;
				CLANG_WARN_BOOL_CONVERSION = YES;
				CLANG_WARN_COMMA = YES;
				CLANG_WARN_CONSTANT_CONVERSION = YES;
				CLANG_WARN_DEPRECATED_OBJC_IMPLEMENTATIONS = YES;
				CLANG_WARN_DIRECT_OBJC_ISA_USAGE = YES_ERROR;
				CLANG_WARN_DOCUMENTATION_COMMENTS = YES;
				CLANG_WARN_EMPTY_BODY = YES;
				CLANG_WARN_ENUM_CONVERSION = YES;
				CLANG_WARN_INFINITE_RECURSION = YES;
				CLANG_WARN_INT_CONVERSION = YES;
				CLANG_WARN_NON_LITERAL_NULL_CONVERSION = YES;
				CLANG_WARN_OBJC_IMPLICIT_RETAIN_SELF = YES;
				CLANG_WARN_OBJC_LITERAL_CONVERSION = YES;
				CLANG_WARN_OBJC_ROOT_CLASS = YES_ERROR;
				CLANG_WARN_QUOTED_INCLUDE_IN_FRAMEWORK_HEADER = YES;
				CLANG_WARN_RANGE_LOOP_ANALYSIS = YES;
				CLANG_WARN_STRICT_PROTOTYPES = YES;
				CLANG_WARN_SUSPICIOUS_MOVE = YES;
				CLANG_WARN_UNGUARDED_AVAILABILITY = YES_AGGRESSIVE;
				CLANG_WARN_UNREACHABLE_CODE = YES;
				CLANG_WARN__DUPLICATE_METHOD_MATCH = YES;
				COPY_PHASE_STRIP = NO;
				DEBUG_INFORMATION_FORMAT = "dwarf-with-dsym";
				ENABLE_NS_ASSERTIONS = NO;
				ENABLE_STRICT_OBJC_MSGSEND = YES;
				GCC_C_LANGUAGE_STANDARD = gnu11;
				GCC_NO_COMMON_BLOCKS = YES;
				GCC_WARN_64_TO_32_BIT_CONVERSION = YES;
				GCC_WARN_ABOUT_RETURN_TYPE = YES_ERROR;
				GCC_WARN_UNDECLARED_SELECTOR = YES;
				GCC_WARN_UNINITIALIZED_AUTOS = YES_AGGRESSIVE;
				GCC_WARN_UNUSED_FUNCTION = YES;
				GCC_WARN_UNUSED_VARIABLE = YES;
				IPHONEOS_DEPLOYMENT_TARGET = 16.4;
				MTL_ENABLE_DEBUG_INFO = NO;
				MTL_FAST_MATH = YES;
				SDKROOT = iphoneos;
				SWIFT_COMPILATION_MODE = wholemodule;
				SWIFT_OPTIMIZATION_LEVEL = "-O";
				VALIDATE_PRODUCT = YES;
			};
			name = Release;
		};
		D6B404C32A83CF79005B0E96 /* Debug */ = {
			isa = XCBuildConfiguration;
			buildSettings = {
				ASSETCATALOG_COMPILER_APPICON_NAME = AppIcon;
				ASSETCATALOG_COMPILER_GLOBAL_ACCENT_COLOR_NAME = AccentColor;
				CODE_SIGN_STYLE = Automatic;
				CURRENT_PROJECT_VERSION = 1;
				DEVELOPMENT_ASSET_PATHS = "\"ZeldaJRPG/Preview Content\"";
				DEVELOPMENT_TEAM = 588PCRUA35;
				ENABLE_PREVIEWS = YES;
				GENERATE_INFOPLIST_FILE = YES;
				INFOPLIST_FILE = ZeldaJRPG/Info.plist;
				INFOPLIST_KEY_UIApplicationSceneManifest_Generation = YES;
				INFOPLIST_KEY_UIApplicationSupportsIndirectInputEvents = YES;
				INFOPLIST_KEY_UILaunchScreen_Generation = YES;
				INFOPLIST_KEY_UISupportedInterfaceOrientations_iPad = "UIInterfaceOrientationPortrait UIInterfaceOrientationPortraitUpsideDown UIInterfaceOrientationLandscapeLeft UIInterfaceOrientationLandscapeRight";
				INFOPLIST_KEY_UISupportedInterfaceOrientations_iPhone = "UIInterfaceOrientationPortrait UIInterfaceOrientationLandscapeLeft UIInterfaceOrientationLandscapeRight";
				LD_RUNPATH_SEARCH_PATHS = (
					"$(inherited)",
					"@executable_path/Frameworks",
				);
				MARKETING_VERSION = 1.0;
				PRODUCT_BUNDLE_IDENTIFIER = com.LinwoodTechnologies.ZeldaJRPG;
				PRODUCT_NAME = "$(TARGET_NAME)";
				SWIFT_EMIT_LOC_STRINGS = YES;
				SWIFT_VERSION = 5.0;
				TARGETED_DEVICE_FAMILY = "1,2";
			};
			name = Debug;
		};
		D6B404C42A83CF79005B0E96 /* Release */ = {
			isa = XCBuildConfiguration;
			buildSettings = {
				ASSETCATALOG_COMPILER_APPICON_NAME = AppIcon;
				ASSETCATALOG_COMPILER_GLOBAL_ACCENT_COLOR_NAME = AccentColor;
				CODE_SIGN_STYLE = Automatic;
				CURRENT_PROJECT_VERSION = 1;
				DEVELOPMENT_ASSET_PATHS = "\"ZeldaJRPG/Preview Content\"";
				DEVELOPMENT_TEAM = 588PCRUA35;
				ENABLE_PREVIEWS = YES;
				GENERATE_INFOPLIST_FILE = YES;
				INFOPLIST_FILE = ZeldaJRPG/Info.plist;
				INFOPLIST_KEY_UIApplicationSceneManifest_Generation = YES;
				INFOPLIST_KEY_UIApplicationSupportsIndirectInputEvents = YES;
				INFOPLIST_KEY_UILaunchScreen_Generation = YES;
				INFOPLIST_KEY_UISupportedInterfaceOrientations_iPad = "UIInterfaceOrientationPortrait UIInterfaceOrientationPortraitUpsideDown UIInterfaceOrientationLandscapeLeft UIInterfaceOrientationLandscapeRight";
				INFOPLIST_KEY_UISupportedInterfaceOrientations_iPhone = "UIInterfaceOrientationPortrait UIInterfaceOrientationLandscapeLeft UIInterfaceOrientationLandscapeRight";
				LD_RUNPATH_SEARCH_PATHS = (
					"$(inherited)",
					"@executable_path/Frameworks",
				);
				MARKETING_VERSION = 1.0;
				PRODUCT_BUNDLE_IDENTIFIER = com.LinwoodTechnologies.ZeldaJRPG;
				PRODUCT_NAME = "$(TARGET_NAME)";
				SWIFT_EMIT_LOC_STRINGS = YES;
				SWIFT_VERSION = 5.0;
				TARGETED_DEVICE_FAMILY = "1,2";
			};
			name = Release;
		};
		D6B404C62A83CF79005B0E96 /* Debug */ = {
			isa = XCBuildConfiguration;
			buildSettings = {
				ALWAYS_EMBED_SWIFT_STANDARD_LIBRARIES = YES;
				BUNDLE_LOADER = "$(TEST_HOST)";
				CODE_SIGN_STYLE = Automatic;
				CURRENT_PROJECT_VERSION = 1;
				DEVELOPMENT_TEAM = 588PCRUA35;
				GENERATE_INFOPLIST_FILE = YES;
				IPHONEOS_DEPLOYMENT_TARGET = 16.4;
				MARKETING_VERSION = 1.0;
				PRODUCT_BUNDLE_IDENTIFIER = com.LinwoodTechnologies.ZeldaJRPGTests;
				PRODUCT_NAME = "$(TARGET_NAME)";
				SWIFT_EMIT_LOC_STRINGS = NO;
				SWIFT_VERSION = 5.0;
				TARGETED_DEVICE_FAMILY = "1,2";
				TEST_HOST = "$(BUILT_PRODUCTS_DIR)/ZeldaJRPG.app/$(BUNDLE_EXECUTABLE_FOLDER_PATH)/ZeldaJRPG";
			};
			name = Debug;
		};
		D6B404C72A83CF79005B0E96 /* Release */ = {
			isa = XCBuildConfiguration;
			buildSettings = {
				ALWAYS_EMBED_SWIFT_STANDARD_LIBRARIES = YES;
				BUNDLE_LOADER = "$(TEST_HOST)";
				CODE_SIGN_STYLE = Automatic;
				CURRENT_PROJECT_VERSION = 1;
				DEVELOPMENT_TEAM = 588PCRUA35;
				GENERATE_INFOPLIST_FILE = YES;
				IPHONEOS_DEPLOYMENT_TARGET = 16.4;
				MARKETING_VERSION = 1.0;
				PRODUCT_BUNDLE_IDENTIFIER = com.LinwoodTechnologies.ZeldaJRPGTests;
				PRODUCT_NAME = "$(TARGET_NAME)";
				SWIFT_EMIT_LOC_STRINGS = NO;
				SWIFT_VERSION = 5.0;
				TARGETED_DEVICE_FAMILY = "1,2";
				TEST_HOST = "$(BUILT_PRODUCTS_DIR)/ZeldaJRPG.app/$(BUNDLE_EXECUTABLE_FOLDER_PATH)/ZeldaJRPG";
			};
			name = Release;
		};
		D6B404C92A83CF79005B0E96 /* Debug */ = {
			isa = XCBuildConfiguration;
			buildSettings = {
				ALWAYS_EMBED_SWIFT_STANDARD_LIBRARIES = YES;
				CODE_SIGN_STYLE = Automatic;
				CURRENT_PROJECT_VERSION = 1;
				DEVELOPMENT_TEAM = 588PCRUA35;
				GENERATE_INFOPLIST_FILE = YES;
				MARKETING_VERSION = 1.0;
				PRODUCT_BUNDLE_IDENTIFIER = com.LinwoodTechnologies.ZeldaJRPGUITests;
				PRODUCT_NAME = "$(TARGET_NAME)";
				SWIFT_EMIT_LOC_STRINGS = NO;
				SWIFT_VERSION = 5.0;
				TARGETED_DEVICE_FAMILY = "1,2";
				TEST_TARGET_NAME = ZeldaJRPG;
			};
			name = Debug;
		};
		D6B404CA2A83CF79005B0E96 /* Release */ = {
			isa = XCBuildConfiguration;
			buildSettings = {
				ALWAYS_EMBED_SWIFT_STANDARD_LIBRARIES = YES;
				CODE_SIGN_STYLE = Automatic;
				CURRENT_PROJECT_VERSION = 1;
				DEVELOPMENT_TEAM = 588PCRUA35;
				GENERATE_INFOPLIST_FILE = YES;
				MARKETING_VERSION = 1.0;
				PRODUCT_BUNDLE_IDENTIFIER = com.LinwoodTechnologies.ZeldaJRPGUITests;
				PRODUCT_NAME = "$(TARGET_NAME)";
				SWIFT_EMIT_LOC_STRINGS = NO;
				SWIFT_VERSION = 5.0;
				TARGETED_DEVICE_FAMILY = "1,2";
				TEST_TARGET_NAME = ZeldaJRPG;
			};
			name = Release;
		};
/* End XCBuildConfiguration section */

/* Begin XCConfigurationList section */
		D6B404992A83CF72005B0E96 /* Build configuration list for PBXProject "ZeldaJRPG" */ = {
			isa = XCConfigurationList;
			buildConfigurations = (
				D6B404C02A83CF79005B0E96 /* Debug */,
				D6B404C12A83CF79005B0E96 /* Release */,
			);
			defaultConfigurationIsVisible = 0;
			defaultConfigurationName = Release;
		};
		D6B404C22A83CF79005B0E96 /* Build configuration list for PBXNativeTarget "ZeldaJRPG" */ = {
			isa = XCConfigurationList;
			buildConfigurations = (
				D6B404C32A83CF79005B0E96 /* Debug */,
				D6B404C42A83CF79005B0E96 /* Release */,
			);
			defaultConfigurationIsVisible = 0;
			defaultConfigurationName = Release;
		};
		D6B404C52A83CF79005B0E96 /* Build configuration list for PBXNativeTarget "ZeldaJRPGTests" */ = {
			isa = XCConfigurationList;
			buildConfigurations = (
				D6B404C62A83CF79005B0E96 /* Debug */,
				D6B404C72A83CF79005B0E96 /* Release */,
			);
			defaultConfigurationIsVisible = 0;
			defaultConfigurationName = Release;
		};
		D6B404C82A83CF79005B0E96 /* Build configuration list for PBXNativeTarget "ZeldaJRPGUITests" */ = {
			isa = XCConfigurationList;
			buildConfigurations = (
				D6B404C92A83CF79005B0E96 /* Debug */,
				D6B404CA2A83CF79005B0E96 /* Release */,
			);
			defaultConfigurationIsVisible = 0;
			defaultConfigurationName = Release;
		};
/* End XCConfigurationList section */
	};
	rootObject = D6B404962A83CF72005B0E96 /* Project object */;
}
